DEPENDENCIES
  deploy-servers
    path: deploy-servers
  git (~> 4.3.4)
  setup-docker
    path: setup-docker

GRAPH
  build-essential (2.2.3)
  chef_handler (1.2.0)
  deploy-servers (0.0.1)
    git (~> 4.3.4)
  dmg (2.2.2)
  git (4.3.4)
    build-essential (>= 0.0.0)
    dmg (>= 0.0.0)
    windows (>= 0.0.0)
    yum-epel (>= 0.0.0)
  setup-docker (0.0.1)
  windows (1.38.1)
    chef_handler (>= 0.0.0)
  yum (3.7.1)
  yum-epel (0.6.2)
    yum (~> 3.2)
